
Microsoft Visual Studio Solution File, Format Version 12.00
# Visual Studio Version 16
VisualStudioVersion = 16.0.31613.86
MinimumVisualStudioVersion = 10.0.40219.1
Project("{FAE04EC0-301F-11D3-BF4B-00C04F79EFBC}") = "crawldataweb", "crawldataweb\crawldataweb.csproj", "{C04B67B4-74E9-44CD-A980-F0CAD3D011BE}"
EndProject
Global
	GlobalSection(SolutionConfigurationPlatforms) = preSolution
		Debug|Any CPU = Debug|Any CPU
		Release|Any CPU = Release|Any CPU
	EndGlobalSection
	GlobalSection(ProjectConfigurationPlatforms) = postSolution
		{C04B67B4-74E9-44CD-A980-F0CAD3D011BE}.Debug|Any CPU.ActiveCfg = Debug|Any CPU
		{C04B67B4-74E9-44CD-A980-F0CAD3D011BE}.Debug|Any CPU.Build.0 = Debug|Any CPU
		{C04B67B4-74E9-44CD-A980-F0CAD3D011BE}.Release|Any CPU.ActiveCfg = Release|Any CPU
		{C04B67B4-74E9-44CD-A980-F0CAD3D011BE}.Release|Any CPU.Build.0 = Release|Any CPU
	EndGlobalSection
	GlobalSection(SolutionProperties) = preSolution
		HideSolutionNode = FALSE
	EndGlobalSection
	GlobalSection(ExtensibilityGlobals) = postSolution
		SolutionGuid = {62FCEA5A-1CF8-423B-A6DA-3074C7BF959D}
	EndGlobalSection
EndGlobal
